# THIS IS AN AUTOGENERATED FILE. DO NOT EDIT THIS FILE DIRECTLY.
# yarn lockfile v1
async@^2.0.0:
  version "2.1.4"
  resolved "https://registry.yarnpkg.com/async/-/async-2.1.4.tgz#2d2160c7788032e4dd6cbe2502f1f9a2c8f6cde4"
  dependencies:
    lodash "^4.14.0"

eventemitter3@^1.2.0:
  version "1.2.0"
  resolved "https://registry.yarnpkg.com/eventemitter3/-/eventemitter3-1.2.0.tgz#1c86991d816ad1e504750e73874224ecf3bec508"

lodash@^4.13.1, lodash@^4.14.0:
  version "4.17.4"
  resolved "https://registry.yarnpkg.com/lodash/-/lodash-4.17.4.tgz#78203a4d1c328ae1d86dca6460e369b57f4055ae"

moment@^2.17.1:
  version "2.17.1"
  resolved "https://registry.yarnpkg.com/moment/-/moment-2.17.1.tgz#fed9506063f36b10f066c8b59a144d7faebe1d82"

